
Microsoft Visual Studio Solution File, Format Version 12.00
# Visual Studio 14
VisualStudioVersion = 14.0.23107.0
MinimumVisualStudioVersion = 10.0.40219.1
Project("{FAE04EC0-301F-11D3-BF4B-00C04F79EFBC}") = "Haxgo.Web", "Haxgo.Web\Haxgo.Web.csproj", "{C8BE93FC-2241-4B70-929C-410E82BBF82C}"
EndProject
Project("{FAE04EC0-301F-11D3-BF4B-00C04F79EFBC}") = "Haxgo.Services", "Haxgo.Services\Haxgo.Services.csproj", "{CBBF6185-58BF-4AC4-A3EE-B10A3C2102C8}"
EndProject
Project("{FAE04EC0-301F-11D3-BF4B-00C04F79EFBC}") = "Haxgo.Core", "Haxgo.Core\Haxgo.Core.csproj", "{175D384C-19D9-4D65-91D2-4C2A7949274B}"
EndProject
Project("{FAE04EC0-301F-11D3-BF4B-00C04F79EFBC}") = "Haxgo.Data", "Haxgo.Data\Haxgo.Data.csproj", "{CBF7D4D3-090C-4237-BAFB-97E83DD9BBC5}"
EndProject
Project("{FAE04EC0-301F-11D3-BF4B-00C04F79EFBC}") = "Haxgo.Entities", "Haxgo.Entities\Haxgo.Entities.csproj", "{E7C76F65-07A7-418E-8550-F5552221BA41}"
EndProject
Global
	GlobalSection(Performance) = preSolution
		HasPerformanceSessions = true
	EndGlobalSection
	GlobalSection(SolutionConfigurationPlatforms) = preSolution
		Debug|Any CPU = Debug|Any CPU
		Release|Any CPU = Release|Any CPU
	EndGlobalSection
	GlobalSection(ProjectConfigurationPlatforms) = postSolution
		{C8BE93FC-2241-4B70-929C-410E82BBF82C}.Debug|Any CPU.ActiveCfg = Debug|Any CPU
		{C8BE93FC-2241-4B70-929C-410E82BBF82C}.Debug|Any CPU.Build.0 = Debug|Any CPU
		{C8BE93FC-2241-4B70-929C-410E82BBF82C}.Release|Any CPU.ActiveCfg = Release|Any CPU
		{C8BE93FC-2241-4B70-929C-410E82BBF82C}.Release|Any CPU.Build.0 = Release|Any CPU
		{CBBF6185-58BF-4AC4-A3EE-B10A3C2102C8}.Debug|Any CPU.ActiveCfg = Debug|Any CPU
		{CBBF6185-58BF-4AC4-A3EE-B10A3C2102C8}.Debug|Any CPU.Build.0 = Debug|Any CPU
		{CBBF6185-58BF-4AC4-A3EE-B10A3C2102C8}.Release|Any CPU.ActiveCfg = Release|Any CPU
		{CBBF6185-58BF-4AC4-A3EE-B10A3C2102C8}.Release|Any CPU.Build.0 = Release|Any CPU
		{175D384C-19D9-4D65-91D2-4C2A7949274B}.Debug|Any CPU.ActiveCfg = Debug|Any CPU
		{175D384C-19D9-4D65-91D2-4C2A7949274B}.Debug|Any CPU.Build.0 = Debug|Any CPU
		{175D384C-19D9-4D65-91D2-4C2A7949274B}.Release|Any CPU.ActiveCfg = Release|Any CPU
		{175D384C-19D9-4D65-91D2-4C2A7949274B}.Release|Any CPU.Build.0 = Release|Any CPU
		{CBF7D4D3-090C-4237-BAFB-97E83DD9BBC5}.Debug|Any CPU.ActiveCfg = Debug|Any CPU
		{CBF7D4D3-090C-4237-BAFB-97E83DD9BBC5}.Debug|Any CPU.Build.0 = Debug|Any CPU
		{CBF7D4D3-090C-4237-BAFB-97E83DD9BBC5}.Release|Any CPU.ActiveCfg = Release|Any CPU
		{CBF7D4D3-090C-4237-BAFB-97E83DD9BBC5}.Release|Any CPU.Build.0 = Release|Any CPU
		{E7C76F65-07A7-418E-8550-F5552221BA41}.Debug|Any CPU.ActiveCfg = Debug|Any CPU
		{E7C76F65-07A7-418E-8550-F5552221BA41}.Debug|Any CPU.Build.0 = Debug|Any CPU
		{E7C76F65-07A7-418E-8550-F5552221BA41}.Release|Any CPU.ActiveCfg = Release|Any CPU
		{E7C76F65-07A7-418E-8550-F5552221BA41}.Release|Any CPU.Build.0 = Release|Any CPU
	EndGlobalSection
	GlobalSection(SolutionProperties) = preSolution
		HideSolutionNode = FALSE
	EndGlobalSection
EndGlobal
